
Microsoft Visual Studio Solution File, Format Version 12.00
# Visual Studio Version 17
VisualStudioVersion = 17.2.32602.215
MinimumVisualStudioVersion = 10.0.40219.1
Project("{9A19103F-16F7-4668-BE54-9A1E7A4F7556}") = "2048WinFormsApp", "2048WinFormsApp\2048WinFormsApp.csproj", "{697B37A0-F35F-4245-8193-6A2229B23FAE}"
EndProject
Project("{FAE04EC0-301F-11D3-BF4B-00C04F79EFBC}") = "2048.Common", "2048.Common\2048.Common.csproj", "{370A4C37-3D9D-455F-901A-FE3344118312}"
EndProject
Global
	GlobalSection(SolutionConfigurationPlatforms) = preSolution
		Debug|Any CPU = Debug|Any CPU
		Release|Any CPU = Release|Any CPU
	EndGlobalSection
	GlobalSection(ProjectConfigurationPlatforms) = postSolution
		{697B37A0-F35F-4245-8193-6A2229B23FAE}.Debug|Any CPU.ActiveCfg = Debug|Any CPU
		{697B37A0-F35F-4245-8193-6A2229B23FAE}.Debug|Any CPU.Build.0 = Debug|Any CPU
		{697B37A0-F35F-4245-8193-6A2229B23FAE}.Release|Any CPU.ActiveCfg = Release|Any CPU
		{697B37A0-F35F-4245-8193-6A2229B23FAE}.Release|Any CPU.Build.0 = Release|Any CPU
		{370A4C37-3D9D-455F-901A-FE3344118312}.Debug|Any CPU.ActiveCfg = Debug|Any CPU
		{370A4C37-3D9D-455F-901A-FE3344118312}.Debug|Any CPU.Build.0 = Debug|Any CPU
		{370A4C37-3D9D-455F-901A-FE3344118312}.Release|Any CPU.ActiveCfg = Release|Any CPU
		{370A4C37-3D9D-455F-901A-FE3344118312}.Release|Any CPU.Build.0 = Release|Any CPU
	EndGlobalSection
	GlobalSection(SolutionProperties) = preSolution
		HideSolutionNode = FALSE
	EndGlobalSection
	GlobalSection(ExtensibilityGlobals) = postSolution
		SolutionGuid = {A15B4B40-1421-4E37-B4F2-4CD4766F724F}
	EndGlobalSection
EndGlobal
